
Microsoft Visual Studio Solution File, Format Version 12.00
# Visual Studio Version 16
VisualStudioVersion = 16.0.31112.23
MinimumVisualStudioVersion = 10.0.40219.1
Project("{FAE04EC0-301F-11D3-BF4B-00C04F79EFBC}") = "HelloWorld", "HelloWorld.csproj", "{001AE712-3E88-40E3-847A-0657D0D96364}"
EndProject
Global
	GlobalSection(SolutionConfigurationPlatforms) = preSolution
		Debug|Any CPU = Debug|Any CPU
		Release|Any CPU = Release|Any CPU
	EndGlobalSection
	GlobalSection(ProjectConfigurationPlatforms) = postSolution
		{001AE712-3E88-40E3-847A-0657D0D96364}.Debug|Any CPU.ActiveCfg = Debug|Any CPU
		{001AE712-3E88-40E3-847A-0657D0D96364}.Debug|Any CPU.Build.0 = Debug|Any CPU
		{001AE712-3E88-40E3-847A-0657D0D96364}.Release|Any CPU.ActiveCfg = Release|Any CPU
		{001AE712-3E88-40E3-847A-0657D0D96364}.Release|Any CPU.Build.0 = Release|Any CPU
	EndGlobalSection
	GlobalSection(SolutionProperties) = preSolution
		HideSolutionNode = FALSE
	EndGlobalSection
	GlobalSection(ExtensibilityGlobals) = postSolution
		SolutionGuid = {5679037E-EC4C-4893-970B-683FF243BCAF}
	EndGlobalSection
EndGlobal
